
Microsoft Visual Studio Solution File, Format Version 12.00
# Visual Studio Version 17
VisualStudioVersion = 17.13.35825.156 d17.13
MinimumVisualStudioVersion = 10.0.40219.1
Project("{FAE04EC0-301F-11D3-BF4B-00C04F79EFBC}") = "BulkyWeb", "BulkyWeb\BulkyWeb.csproj", "{E913C2F0-76A0-429F-8448-5C7F3339DF52}"
EndProject
Global
	GlobalSection(SolutionConfigurationPlatforms) = preSolution
		Debug|Any CPU = Debug|Any CPU
		Release|Any CPU = Release|Any CPU
	EndGlobalSection
	GlobalSection(ProjectConfigurationPlatforms) = postSolution
		{E913C2F0-76A0-429F-8448-5C7F3339DF52}.Debug|Any CPU.ActiveCfg = Debug|Any CPU
		{E913C2F0-76A0-429F-8448-5C7F3339DF52}.Debug|Any CPU.Build.0 = Debug|Any CPU
		{E913C2F0-76A0-429F-8448-5C7F3339DF52}.Release|Any CPU.ActiveCfg = Release|Any CPU
		{E913C2F0-76A0-429F-8448-5C7F3339DF52}.Release|Any CPU.Build.0 = Release|Any CPU
	EndGlobalSection
	GlobalSection(SolutionProperties) = preSolution
		HideSolutionNode = FALSE
	EndGlobalSection
	GlobalSection(ExtensibilityGlobals) = postSolution
		SolutionGuid = {2261353F-E1A4-4C23-9775-8109423DA38E}
	EndGlobalSection
EndGlobal
